
Microsoft Visual Studio Solution File, Format Version 12.00
# Visual Studio Version 17
VisualStudioVersion = 17.0.31612.314
MinimumVisualStudioVersion = 10.0.40219.1
Project("{FAE04EC0-301F-11D3-BF4B-00C04F79EFBC}") = "csharpbasics review", "csharpbasics review.csproj", "{2CA788B6-97E8-430F-9A67-58863B352041}"
EndProject
Project("{2150E333-8FDC-42A3-9474-1A3956D46DE8}") = "Tests", "Tests", "{8C697546-2C94-4BEE-B9AE-47A0E35A2F16}"
EndProject
Global
	GlobalSection(SolutionConfigurationPlatforms) = preSolution
		Debug|Any CPU = Debug|Any CPU
		Release|Any CPU = Release|Any CPU
	EndGlobalSection
	GlobalSection(ProjectConfigurationPlatforms) = postSolution
		{2CA788B6-97E8-430F-9A67-58863B352041}.Debug|Any CPU.ActiveCfg = Debug|Any CPU
		{2CA788B6-97E8-430F-9A67-58863B352041}.Debug|Any CPU.Build.0 = Debug|Any CPU
		{2CA788B6-97E8-430F-9A67-58863B352041}.Release|Any CPU.ActiveCfg = Release|Any CPU
		{2CA788B6-97E8-430F-9A67-58863B352041}.Release|Any CPU.Build.0 = Release|Any CPU
	EndGlobalSection
	GlobalSection(SolutionProperties) = preSolution
		HideSolutionNode = FALSE
	EndGlobalSection
	GlobalSection(ExtensibilityGlobals) = postSolution
		SolutionGuid = {64907D7B-520C-4735-9B45-8286759A5B9B}
	EndGlobalSection
EndGlobal
